// !$*UTF8*$!
{
	archiveVersion = 1;
	classes = {
	};
	objectVersion = 56;
	objects = {

/* Begin PBXBuildFile section */
		945E56A92B567A470040EE4D /* UberSwiftUITutorialApp.swift in Sources */ = {isa = PBXBuildFile; fileRef = 945E56A82B567A470040EE4D /* UberSwiftUITutorialApp.swift */; };
		945E56AD2B567A490040EE4D /* Assets.xcassets in Resources */ = {isa = PBXBuildFile; fileRef = 945E56AC2B567A490040EE4D /* Assets.xcassets */; };
		945E56B02B567A490040EE4D /* Preview Assets.xcassets in Resources */ = {isa = PBXBuildFile; fileRef = 945E56AF2B567A490040EE4D /* Preview Assets.xcassets */; };
		945E56BE2B567B330040EE4D /* HomeView.swift in Sources */ = {isa = PBXBuildFile; fileRef = 945E56BD2B567B330040EE4D /* HomeView.swift */; };
		945E56C02B567B8D0040EE4D /* UberMapViewRepresentable.swift in Sources */ = {isa = PBXBuildFile; fileRef = 945E56BF2B567B8D0040EE4D /* UberMapViewRepresentable.swift */; };
		945E56C22B567D050040EE4D /* LocationManager.swift in Sources */ = {isa = PBXBuildFile; fileRef = 945E56C12B567D050040EE4D /* LocationManager.swift */; };
		945E56C92B568C440040EE4D /* LocationSearchActivationView.swift in Sources */ = {isa = PBXBuildFile; fileRef = 945E56C82B568C440040EE4D /* LocationSearchActivationView.swift */; };
		945E56CB2B568D6A0040EE4D /* MapViewActionButton.swift in Sources */ = {isa = PBXBuildFile; fileRef = 945E56CA2B568D6A0040EE4D /* MapViewActionButton.swift */; };
		945E56CD2B568E640040EE4D /* LocationSearchView.swift in Sources */ = {isa = PBXBuildFile; fileRef = 945E56CC2B568E640040EE4D /* LocationSearchView.swift */; };
		945E56CF2B5690180040EE4D /* LocationSearchResultsCell.swift in Sources */ = {isa = PBXBuildFile; fileRef = 945E56CE2B5690180040EE4D /* LocationSearchResultsCell.swift */; };
		945E56D12B5693930040EE4D /* LocationSearchViewModel.swift in Sources */ = {isa = PBXBuildFile; fileRef = 945E56D02B5693930040EE4D /* LocationSearchViewModel.swift */; };
		945E56D32B5784F90040EE4D /* MapViewState.swift in Sources */ = {isa = PBXBuildFile; fileRef = 945E56D22B5784F90040EE4D /* MapViewState.swift */; };
		94DBF6B22B673C17009E8C11 /* RideRequestView.swift in Sources */ = {isa = PBXBuildFile; fileRef = 94DBF6B12B673C17009E8C11 /* RideRequestView.swift */; };
		94DBF6B42B67460A009E8C11 /* RideType.swift in Sources */ = {isa = PBXBuildFile; fileRef = 94DBF6B32B67460A009E8C11 /* RideType.swift */; };
		94DBF6B62B6753C4009E8C11 /* Double.swift in Sources */ = {isa = PBXBuildFile; fileRef = 94DBF6B52B6753C4009E8C11 /* Double.swift */; };
		94DBF6B82B6755E7009E8C11 /* UberLocation.swift in Sources */ = {isa = PBXBuildFile; fileRef = 94DBF6B72B6755E7009E8C11 /* UberLocation.swift */; };
		94DBF6BA2B675B11009E8C11 /* Color.swift in Sources */ = {isa = PBXBuildFile; fileRef = 94DBF6B92B675B11009E8C11 /* Color.swift */; };
/* End PBXBuildFile section */

/* Begin PBXFileReference section */
		945E56A52B567A470040EE4D /* UberSwiftUITutorial.app */ = {isa = PBXFileReference; explicitFileType = wrapper.application; includeInIndex = 0; path = UberSwiftUITutorial.app; sourceTree = BUILT_PRODUCTS_DIR; };
		945E56A82B567A470040EE4D /* UberSwiftUITutorialApp.swift */ = {isa = PBXFileReference; lastKnownFileType = sourcecode.swift; path = UberSwiftUITutorialApp.swift; sourceTree = "<group>"; };
		945E56AC2B567A490040EE4D /* Assets.xcassets */ = {isa = PBXFileReference; lastKnownFileType = folder.assetcatalog; path = Assets.xcassets; sourceTree = "<group>"; };
		945E56AF2B567A490040EE4D /* Preview Assets.xcassets */ = {isa = PBXFileReference; lastKnownFileType = folder.assetcatalog; path = "Preview Assets.xcassets"; sourceTree = "<group>"; };
		945E56BD2B567B330040EE4D /* HomeView.swift */ = {isa = PBXFileReference; lastKnownFileType = sourcecode.swift; path = HomeView.swift; sourceTree = "<group>"; };
		945E56BF2B567B8D0040EE4D /* UberMapViewRepresentable.swift */ = {isa = PBXFileReference; lastKnownFileType = sourcecode.swift; path = UberMapViewRepresentable.swift; sourceTree = "<group>"; };
		945E56C12B567D050040EE4D /* LocationManager.swift */ = {isa = PBXFileReference; lastKnownFileType = sourcecode.swift; path = LocationManager.swift; sourceTree = "<group>"; };
		945E56C82B568C440040EE4D /* LocationSearchActivationView.swift */ = {isa = PBXFileReference; lastKnownFileType = sourcecode.swift; path = LocationSearchActivationView.swift; sourceTree = "<group>"; };
		945E56CA2B568D6A0040EE4D /* MapViewActionButton.swift */ = {isa = PBXFileReference; lastKnownFileType = sourcecode.swift; path = MapViewActionButton.swift; sourceTree = "<group>"; };
		945E56CC2B568E640040EE4D /* LocationSearchView.swift */ = {isa = PBXFileReference; lastKnownFileType = sourcecode.swift; path = LocationSearchView.swift; sourceTree = "<group>"; };
		945E56CE2B5690180040EE4D /* LocationSearchResultsCell.swift */ = {isa = PBXFileReference; lastKnownFileType = sourcecode.swift; path = LocationSearchResultsCell.swift; sourceTree = "<group>"; };
		945E56D02B5693930040EE4D /* LocationSearchViewModel.swift */ = {isa = PBXFileReference; lastKnownFileType = sourcecode.swift; path = LocationSearchViewModel.swift; sourceTree = "<group>"; };
		945E56D22B5784F90040EE4D /* MapViewState.swift */ = {isa = PBXFileReference; lastKnownFileType = sourcecode.swift; path = MapViewState.swift; sourceTree = "<group>"; };
		94DBF6B12B673C17009E8C11 /* RideRequestView.swift */ = {isa = PBXFileReference; lastKnownFileType = sourcecode.swift; path = RideRequestView.swift; sourceTree = "<group>"; };
		94DBF6B32B67460A009E8C11 /* RideType.swift */ = {isa = PBXFileReference; lastKnownFileType = sourcecode.swift; path = RideType.swift; sourceTree = "<group>"; };
		94DBF6B52B6753C4009E8C11 /* Double.swift */ = {isa = PBXFileReference; lastKnownFileType = sourcecode.swift; path = Double.swift; sourceTree = "<group>"; };
		94DBF6B72B6755E7009E8C11 /* UberLocation.swift */ = {isa = PBXFileReference; lastKnownFileType = sourcecode.swift; path = UberLocation.swift; sourceTree = "<group>"; };
		94DBF6B92B675B11009E8C11 /* Color.swift */ = {isa = PBXFileReference; lastKnownFileType = sourcecode.swift; path = Color.swift; sourceTree = "<group>"; };
/* End PBXFileReference section */

/* Begin PBXFrameworksBuildPhase section */
		945E56A22B567A470040EE4D /* Frameworks */ = {
			isa = PBXFrameworksBuildPhase;
			buildActionMask = 2147483647;
			files = (
			);
			runOnlyForDeploymentPostprocessing = 0;
		};
/* End PBXFrameworksBuildPhase section */

/* Begin PBXGroup section */
		945E569C2B567A470040EE4D = {
			isa = PBXGroup;
			children = (
				945E56A72B567A470040EE4D /* UberSwiftUITutorial */,
				945E56A62B567A470040EE4D /* Products */,
			);
			sourceTree = "<group>";
		};
		945E56A62B567A470040EE4D /* Products */ = {
			isa = PBXGroup;
			children = (
				945E56A52B567A470040EE4D /* UberSwiftUITutorial.app */,
			);
			name = Products;
			sourceTree = "<group>";
		};
		945E56A72B567A470040EE4D /* UberSwiftUITutorial */ = {
			isa = PBXGroup;
			children = (
				945E56B62B567AD20040EE4D /* App */,
				945E56B72B567AE20040EE4D /* Core */,
				945E56BA2B567AFF0040EE4D /* Models */,
				945E56B92B567AFC0040EE4D /* Managers */,
				945E56B82B567AEE0040EE4D /* Extensions */,
				945E56AC2B567A490040EE4D /* Assets.xcassets */,
				945E56AE2B567A490040EE4D /* Preview Content */,
			);
			path = UberSwiftUITutorial;
			sourceTree = "<group>";
		};
		945E56AE2B567A490040EE4D /* Preview Content */ = {
			isa = PBXGroup;
			children = (
				945E56AF2B567A490040EE4D /* Preview Assets.xcassets */,
			);
			path = "Preview Content";
			sourceTree = "<group>";
		};
		945E56B62B567AD20040EE4D /* App */ = {
			isa = PBXGroup;
			children = (
				945E56A82B567A470040EE4D /* UberSwiftUITutorialApp.swift */,
			);
			path = App;
			sourceTree = "<group>";
		};
		945E56B72B567AE20040EE4D /* Core */ = {
			isa = PBXGroup;
			children = (
				94DBF6B02B673C0C009E8C11 /* Trips */,
				945E56C32B568BDC0040EE4D /* Home */,
				945E56C42B568BE20040EE4D /* LocationSearch */,
			);
			path = Core;
			sourceTree = "<group>";
		};
		945E56B82B567AEE0040EE4D /* Extensions */ = {
			isa = PBXGroup;
			children = (
				94DBF6B52B6753C4009E8C11 /* Double.swift */,
				94DBF6B92B675B11009E8C11 /* Color.swift */,
			);
			path = Extensions;
			sourceTree = "<group>";
		};
		945E56B92B567AFC0040EE4D /* Managers */ = {
			isa = PBXGroup;
			children = (
				945E56C12B567D050040EE4D /* LocationManager.swift */,
			);
			path = Managers;
			sourceTree = "<group>";
		};
		945E56BA2B567AFF0040EE4D /* Models */ = {
			isa = PBXGroup;
			children = (
				945E56D22B5784F90040EE4D /* MapViewState.swift */,
				94DBF6B32B67460A009E8C11 /* RideType.swift */,
				94DBF6B72B6755E7009E8C11 /* UberLocation.swift */,
			);
			path = Models;
			sourceTree = "<group>";
		};
		945E56BB2B567B210040EE4D /* ViewModels */ = {
			isa = PBXGroup;
			children = (
			);
			path = ViewModels;
			sourceTree = "<group>";
		};
		945E56BC2B567B250040EE4D /* Views */ = {
			isa = PBXGroup;
			children = (
				945E56BD2B567B330040EE4D /* HomeView.swift */,
				945E56BF2B567B8D0040EE4D /* UberMapViewRepresentable.swift */,
				945E56CA2B568D6A0040EE4D /* MapViewActionButton.swift */,
			);
			path = Views;
			sourceTree = "<group>";
		};
		945E56C32B568BDC0040EE4D /* Home */ = {
			isa = PBXGroup;
			children = (
				945E56BC2B567B250040EE4D /* Views */,
				945E56BB2B567B210040EE4D /* ViewModels */,
			);
			path = Home;
			sourceTree = "<group>";
		};
		945E56C42B568BE20040EE4D /* LocationSearch */ = {
			isa = PBXGroup;
			children = (
				945E56C62B568BF70040EE4D /* ViewModels */,
				945E56C52B568BF00040EE4D /* Views */,
			);
			path = LocationSearch;
			sourceTree = "<group>";
		};
		945E56C52B568BF00040EE4D /* Views */ = {
			isa = PBXGroup;
			children = (
				945E56C82B568C440040EE4D /* LocationSearchActivationView.swift */,
				945E56CC2B568E640040EE4D /* LocationSearchView.swift */,
				945E56CE2B5690180040EE4D /* LocationSearchResultsCell.swift */,
			);
			path = Views;
			sourceTree = "<group>";
		};
		945E56C62B568BF70040EE4D /* ViewModels */ = {
			isa = PBXGroup;
			children = (
				945E56D02B5693930040EE4D /* LocationSearchViewModel.swift */,
			);
			path = ViewModels;
			sourceTree = "<group>";
		};
		94DBF6B02B673C0C009E8C11 /* Trips */ = {
			isa = PBXGroup;
			children = (
				94DBF6B12B673C17009E8C11 /* RideRequestView.swift */,
			);
			path = Trips;
			sourceTree = "<group>";
		};
/* End PBXGroup section */

/* Begin PBXNativeTarget section */
		945E56A42B567A470040EE4D /* UberSwiftUITutorial */ = {
			isa = PBXNativeTarget;
			buildConfigurationList = 945E56B32B567A490040EE4D /* Build configuration list for PBXNativeTarget "UberSwiftUITutorial" */;
			buildPhases = (
				945E56A12B567A470040EE4D /* Sources */,
				945E56A22B567A470040EE4D /* Frameworks */,
				945E56A32B567A470040EE4D /* Resources */,
			);
			buildRules = (
			);
			dependencies = (
			);
			name = UberSwiftUITutorial;
			productName = UberSwiftUITutorial;
			productReference = 945E56A52B567A470040EE4D /* UberSwiftUITutorial.app */;
			productType = "com.apple.product-type.application";
		};
/* End PBXNativeTarget section */

/* Begin PBXProject section */
		945E569D2B567A470040EE4D /* Project object */ = {
			isa = PBXProject;
			attributes = {
				BuildIndependentTargetsInParallel = 1;
				LastSwiftUpdateCheck = 1500;
				LastUpgradeCheck = 1500;
				TargetAttributes = {
					945E56A42B567A470040EE4D = {
						CreatedOnToolsVersion = 15.0.1;
					};
				};
			};
			buildConfigurationList = 945E56A02B567A470040EE4D /* Build configuration list for PBXProject "UberSwiftUITutorial" */;
			compatibilityVersion = "Xcode 14.0";
			developmentRegion = en;
			hasScannedForEncodings = 0;
			knownRegions = (
				en,
				Base,
			);
			mainGroup = 945E569C2B567A470040EE4D;
			productRefGroup = 945E56A62B567A470040EE4D /* Products */;
			projectDirPath = "";
			projectRoot = "";
			targets = (
				945E56A42B567A470040EE4D /* UberSwiftUITutorial */,
			);
		};
/* End PBXProject section */

/* Begin PBXResourcesBuildPhase section */
		945E56A32B567A470040EE4D /* Resources */ = {
			isa = PBXResourcesBuildPhase;
			buildActionMask = 2147483647;
			files = (
				945E56B02B567A490040EE4D /* Preview Assets.xcassets in Resources */,
				945E56AD2B567A490040EE4D /* Assets.xcassets in Resources */,
			);
			runOnlyForDeploymentPostprocessing = 0;
		};
/* End PBXResourcesBuildPhase section */

/* Begin PBXSourcesBuildPhase section */
		945E56A12B567A470040EE4D /* Sources */ = {
			isa = PBXSourcesBuildPhase;
			buildActionMask = 2147483647;
			files = (
				945E56D12B5693930040EE4D /* LocationSearchViewModel.swift in Sources */,
				945E56CD2B568E640040EE4D /* LocationSearchView.swift in Sources */,
				945E56C22B567D050040EE4D /* LocationManager.swift in Sources */,
				94DBF6B22B673C17009E8C11 /* RideRequestView.swift in Sources */,
				94DBF6B62B6753C4009E8C11 /* Double.swift in Sources */,
				945E56D32B5784F90040EE4D /* MapViewState.swift in Sources */,
				945E56CB2B568D6A0040EE4D /* MapViewActionButton.swift in Sources */,
				945E56CF2B5690180040EE4D /* LocationSearchResultsCell.swift in Sources */,
				94DBF6BA2B675B11009E8C11 /* Color.swift in Sources */,
				945E56A92B567A470040EE4D /* UberSwiftUITutorialApp.swift in Sources */,
				945E56C02B567B8D0040EE4D /* UberMapViewRepresentable.swift in Sources */,
				94DBF6B82B6755E7009E8C11 /* UberLocation.swift in Sources */,
				945E56BE2B567B330040EE4D /* HomeView.swift in Sources */,
				945E56C92B568C440040EE4D /* LocationSearchActivationView.swift in Sources */,
				94DBF6B42B67460A009E8C11 /* RideType.swift in Sources */,
			);
			runOnlyForDeploymentPostprocessing = 0;
		};
/* End PBXSourcesBuildPhase section */

/* Begin XCBuildConfiguration section */
		945E56B12B567A490040EE4D /* Debug */ = {
			isa = XCBuildConfiguration;
			buildSettings = {
				ALWAYS_SEARCH_USER_PATHS = NO;
				ASSETCATALOG_COMPILER_GENERATE_SWIFT_ASSET_SYMBOL_EXTENSIONS = YES;
				CLANG_ANALYZER_NONNULL = YES;
				CLANG_ANALYZER_NUMBER_OBJECT_CONVERSION = YES_AGGRESSIVE;
				CLANG_CXX_LANGUAGE_STANDARD = "gnu++20";
				CLANG_ENABLE_MODULES = YES;
				CLANG_ENABLE_OBJC_ARC = YES;
				CLANG_ENABLE_OBJC_WEAK = YES;
				CLANG_WARN_BLOCK_CAPTURE_AUTORELEASING = YES;
				CLANG_WARN_BOOL_CONVERSION = YES;
				CLANG_WARN_COMMA = YES;
				CLANG_WARN_CONSTANT_CONVERSION = YES;
				CLANG_WARN_DEPRECATED_OBJC_IMPLEMENTATIONS = YES;
				CLANG_WARN_DIRECT_OBJC_ISA_USAGE = YES_ERROR;
				CLANG_WARN_DOCUMENTATION_COMMENTS = YES;
				CLANG_WARN_EMPTY_BODY = YES;
				CLANG_WARN_ENUM_CONVERSION = YES;
				CLANG_WARN_INFINITE_RECURSION = YES;
				CLANG_WARN_INT_CONVERSION = YES;
				CLANG_WARN_NON_LITERAL_NULL_CONVERSION = YES;
				CLANG_WARN_OBJC_IMPLICIT_RETAIN_SELF = YES;
				CLANG_WARN_OBJC_LITERAL_CONVERSION = YES;
				CLANG_WARN_OBJC_ROOT_CLASS = YES_ERROR;
				CLANG_WARN_QUOTED_INCLUDE_IN_FRAMEWORK_HEADER = YES;
				CLANG_WARN_RANGE_LOOP_ANALYSIS = YES;
				CLANG_WARN_STRICT_PROTOTYPES = YES;
				CLANG_WARN_SUSPICIOUS_MOVE = YES;
				CLANG_WARN_UNGUARDED_AVAILABILITY = YES_AGGRESSIVE;
				CLANG_WARN_UNREACHABLE_CODE = YES;
				CLANG_WARN__DUPLICATE_METHOD_MATCH = YES;
				COPY_PHASE_STRIP = NO;
				DEBUG_INFORMATION_FORMAT = dwarf;
				ENABLE_STRICT_OBJC_MSGSEND = YES;
				ENABLE_TESTABILITY = YES;
				ENABLE_USER_SCRIPT_SANDBOXING = YES;
				GCC_C_LANGUAGE_STANDARD = gnu17;
				GCC_DYNAMIC_NO_PIC = NO;
				GCC_NO_COMMON_BLOCKS = YES;
				GCC_OPTIMIZATION_LEVEL = 0;
				GCC_PREPROCESSOR_DEFINITIONS = (
					"DEBUG=1",
					"$(inherited)",
				);
				GCC_WARN_64_TO_32_BIT_CONVERSION = YES;
				GCC_WARN_ABOUT_RETURN_TYPE = YES_ERROR;
				GCC_WARN_UNDECLARED_SELECTOR = YES;
				GCC_WARN_UNINITIALIZED_AUTOS = YES_AGGRESSIVE;
				GCC_WARN_UNUSED_FUNCTION = YES;
				GCC_WARN_UNUSED_VARIABLE = YES;
				IPHONEOS_DEPLOYMENT_TARGET = 17.0;
				LOCALIZATION_PREFERS_STRING_CATALOGS = YES;
				MTL_ENABLE_DEBUG_INFO = INCLUDE_SOURCE;
				MTL_FAST_MATH = YES;
				ONLY_ACTIVE_ARCH = YES;
				SDKROOT = iphoneos;
				SWIFT_ACTIVE_COMPILATION_CONDITIONS = "DEBUG $(inherited)";
				SWIFT_OPTIMIZATION_LEVEL = "-Onone";
			};
			name = Debug;
		};
		945E56B22B567A490040EE4D /* Release */ = {
			isa = XCBuildConfiguration;
			buildSettings = {
				ALWAYS_SEARCH_USER_PATHS = NO;
				ASSETCATALOG_COMPILER_GENERATE_SWIFT_ASSET_SYMBOL_EXTENSIONS = YES;
				CLANG_ANALYZER_NONNULL = YES;
				CLANG_ANALYZER_NUMBER_OBJECT_CONVERSION = YES_AGGRESSIVE;
				CLANG_CXX_LANGUAGE_STANDARD = "gnu++20";
				CLANG_ENABLE_MODULES = YES;
				CLANG_ENABLE_OBJC_ARC = YES;
				CLANG_ENABLE_OBJC_WEAK = YES;
				CLANG_WARN_BLOCK_CAPTURE_AUTORELEASING = YES;
				CLANG_WARN_BOOL_CONVERSION = YES;
				CLANG_WARN_COMMA = YES;
				CLANG_WARN_CONSTANT_CONVERSION = YES;
				CLANG_WARN_DEPRECATED_OBJC_IMPLEMENTATIONS = YES;
				CLANG_WARN_DIRECT_OBJC_ISA_USAGE = YES_ERROR;
				CLANG_WARN_DOCUMENTATION_COMMENTS = YES;
				CLANG_WARN_EMPTY_BODY = YES;
				CLANG_WARN_ENUM_CONVERSION = YES;
				CLANG_WARN_INFINITE_RECURSION = YES;
				CLANG_WARN_INT_CONVERSION = YES;
				CLANG_WARN_NON_LITERAL_NULL_CONVERSION = YES;
				CLANG_WARN_OBJC_IMPLICIT_RETAIN_SELF = YES;
				CLANG_WARN_OBJC_LITERAL_CONVERSION = YES;
				CLANG_WARN_OBJC_ROOT_CLASS = YES_ERROR;
				CLANG_WARN_QUOTED_INCLUDE_IN_FRAMEWORK_HEADER = YES;
				CLANG_WARN_RANGE_LOOP_ANALYSIS = YES;
				CLANG_WARN_STRICT_PROTOTYPES = YES;
				CLANG_WARN_SUSPICIOUS_MOVE = YES;
				CLANG_WARN_UNGUARDED_AVAILABILITY = YES_AGGRESSIVE;
				CLANG_WARN_UNREACHABLE_CODE = YES;
				CLANG_WARN__DUPLICATE_METHOD_MATCH = YES;
				COPY_PHASE_STRIP = NO;
				DEBUG_INFORMATION_FORMAT = "dwarf-with-dsym";
				ENABLE_NS_ASSERTIONS = NO;
				ENABLE_STRICT_OBJC_MSGSEND = YES;
				ENABLE_USER_SCRIPT_SANDBOXING = YES;
				GCC_C_LANGUAGE_STANDARD = gnu17;
				GCC_NO_COMMON_BLOCKS = YES;
				GCC_WARN_64_TO_32_BIT_CONVERSION = YES;
				GCC_WARN_ABOUT_RETURN_TYPE = YES_ERROR;
				GCC_WARN_UNDECLARED_SELECTOR = YES;
				GCC_WARN_UNINITIALIZED_AUTOS = YES_AGGRESSIVE;
				GCC_WARN_UNUSED_FUNCTION = YES;
				GCC_WARN_UNUSED_VARIABLE = YES;
				IPHONEOS_DEPLOYMENT_TARGET = 17.0;
				LOCALIZATION_PREFERS_STRING_CATALOGS = YES;
				MTL_ENABLE_DEBUG_INFO = NO;
				MTL_FAST_MATH = YES;
				SDKROOT = iphoneos;
				SWIFT_COMPILATION_MODE = wholemodule;
				VALIDATE_PRODUCT = YES;
			};
			name = Release;
		};
		945E56B42B567A490040EE4D /* Debug */ = {
			isa = XCBuildConfiguration;
			buildSettings = {
				ASSETCATALOG_COMPILER_APPICON_NAME = AppIcon;
				ASSETCATALOG_COMPILER_GLOBAL_ACCENT_COLOR_NAME = AccentColor;
				CODE_SIGN_STYLE = Automatic;
				CURRENT_PROJECT_VERSION = 1;
				DEVELOPMENT_ASSET_PATHS = "\"UberSwiftUITutorial/Preview Content\"";
				DEVELOPMENT_TEAM = 2Q3YDTT238;
				ENABLE_PREVIEWS = YES;
				GENERATE_INFOPLIST_FILE = YES;
				INFOPLIST_KEY_NSLocationWhenInUseUsageDescription = "Please allow us to access your location to find you nearby drivers and rides.";
				INFOPLIST_KEY_UIApplicationSceneManifest_Generation = YES;
				INFOPLIST_KEY_UIApplicationSupportsIndirectInputEvents = YES;
				INFOPLIST_KEY_UILaunchScreen_Generation = YES;
				INFOPLIST_KEY_UISupportedInterfaceOrientations_iPad = "UIInterfaceOrientationPortrait UIInterfaceOrientationPortraitUpsideDown UIInterfaceOrientationLandscapeLeft UIInterfaceOrientationLandscapeRight";
				INFOPLIST_KEY_UISupportedInterfaceOrientations_iPhone = "UIInterfaceOrientationPortrait UIInterfaceOrientationLandscapeLeft UIInterfaceOrientationLandscapeRight";
				LD_RUNPATH_SEARCH_PATHS = (
					"$(inherited)",
					"@executable_path/Frameworks",
				);
				MARKETING_VERSION = 1.0;
				PRODUCT_BUNDLE_IDENTIFIER = com.goldenApps.UberSwiftUITutorial;
				PRODUCT_NAME = "$(TARGET_NAME)";
				SWIFT_EMIT_LOC_STRINGS = YES;
				SWIFT_VERSION = 5.0;
				TARGETED_DEVICE_FAMILY = "1,2";
			};
			name = Debug;
		};
		945E56B52B567A490040EE4D /* Release */ = {
			isa = XCBuildConfiguration;
			buildSettings = {
				ASSETCATALOG_COMPILER_APPICON_NAME = AppIcon;
				ASSETCATALOG_COMPILER_GLOBAL_ACCENT_COLOR_NAME = AccentColor;
				CODE_SIGN_STYLE = Automatic;
				CURRENT_PROJECT_VERSION = 1;
				DEVELOPMENT_ASSET_PATHS = "\"UberSwiftUITutorial/Preview Content\"";
				DEVELOPMENT_TEAM = 2Q3YDTT238;
				ENABLE_PREVIEWS = YES;
				GENERATE_INFOPLIST_FILE = YES;
				INFOPLIST_KEY_NSLocationWhenInUseUsageDescription = "Please allow us to access your location to find you nearby drivers and rides.";
				INFOPLIST_KEY_UIApplicationSceneManifest_Generation = YES;
				INFOPLIST_KEY_UIApplicationSupportsIndirectInputEvents = YES;
				INFOPLIST_KEY_UILaunchScreen_Generation = YES;
				INFOPLIST_KEY_UISupportedInterfaceOrientations_iPad = "UIInterfaceOrientationPortrait UIInterfaceOrientationPortraitUpsideDown UIInterfaceOrientationLandscapeLeft UIInterfaceOrientationLandscapeRight";
				INFOPLIST_KEY_UISupportedInterfaceOrientations_iPhone = "UIInterfaceOrientationPortrait UIInterfaceOrientationLandscapeLeft UIInterfaceOrientationLandscapeRight";
				LD_RUNPATH_SEARCH_PATHS = (
					"$(inherited)",
					"@executable_path/Frameworks",
				);
				MARKETING_VERSION = 1.0;
				PRODUCT_BUNDLE_IDENTIFIER = com.goldenApps.UberSwiftUITutorial;
				PRODUCT_NAME = "$(TARGET_NAME)";
				SWIFT_EMIT_LOC_STRINGS = YES;
				SWIFT_VERSION = 5.0;
				TARGETED_DEVICE_FAMILY = "1,2";
			};
			name = Release;
		};
/* End XCBuildConfiguration section */

/* Begin XCConfigurationList section */
		945E56A02B567A470040EE4D /* Build configuration list for PBXProject "UberSwiftUITutorial" */ = {
			isa = XCConfigurationList;
			buildConfigurations = (
				945E56B12B567A490040EE4D /* Debug */,
				945E56B22B567A490040EE4D /* Release */,
			);
			defaultConfigurationIsVisible = 0;
			defaultConfigurationName = Release;
		};
		945E56B32B567A490040EE4D /* Build configuration list for PBXNativeTarget "UberSwiftUITutorial" */ = {
			isa = XCConfigurationList;
			buildConfigurations = (
				945E56B42B567A490040EE4D /* Debug */,
				945E56B52B567A490040EE4D /* Release */,
			);
			defaultConfigurationIsVisible = 0;
			defaultConfigurationName = Release;
		};
/* End XCConfigurationList section */
	};
	rootObject = 945E569D2B567A470040EE4D /* Project object */;
}
